
Microsoft Visual Studio Solution File, Format Version 12.00
# Visual Studio Version 16
VisualStudioVersion = 16.0.30517.126
MinimumVisualStudioVersion = 10.0.40219.1
Project("{9A19103F-16F7-4668-BE54-9A1E7A4F7556}") = "DesktopUI", "DesktopUI\DesktopUI.csproj", "{108B214D-362A-45FF-A0DF-3159B1D37B71}"
EndProject
Project("{FAE04EC0-301F-11D3-BF4B-00C04F79EFBC}") = "WebUI", "WebUI\WebUI.csproj", "{1C7679DD-FA77-42C8-ACCC-A0A2C7D9CB03}"
EndProject
Global
	GlobalSection(SolutionConfigurationPlatforms) = preSolution
		Debug|Any CPU = Debug|Any CPU
		Release|Any CPU = Release|Any CPU
	EndGlobalSection
	GlobalSection(ProjectConfigurationPlatforms) = postSolution
		{108B214D-362A-45FF-A0DF-3159B1D37B71}.Debug|Any CPU.ActiveCfg = Debug|Any CPU
		{108B214D-362A-45FF-A0DF-3159B1D37B71}.Debug|Any CPU.Build.0 = Debug|Any CPU
		{108B214D-362A-45FF-A0DF-3159B1D37B71}.Release|Any CPU.ActiveCfg = Release|Any CPU
		{108B214D-362A-45FF-A0DF-3159B1D37B71}.Release|Any CPU.Build.0 = Release|Any CPU
		{1C7679DD-FA77-42C8-ACCC-A0A2C7D9CB03}.Debug|Any CPU.ActiveCfg = Debug|Any CPU
		{1C7679DD-FA77-42C8-ACCC-A0A2C7D9CB03}.Debug|Any CPU.Build.0 = Debug|Any CPU
		{1C7679DD-FA77-42C8-ACCC-A0A2C7D9CB03}.Release|Any CPU.ActiveCfg = Release|Any CPU
		{1C7679DD-FA77-42C8-ACCC-A0A2C7D9CB03}.Release|Any CPU.Build.0 = Release|Any CPU
	EndGlobalSection
	GlobalSection(SolutionProperties) = preSolution
		HideSolutionNode = FALSE
	EndGlobalSection
	GlobalSection(ExtensibilityGlobals) = postSolution
		SolutionGuid = {171C5E0A-BA7F-48A7-A622-49B2942E1B5E}
	EndGlobalSection
EndGlobal
